Microsoft Visual Studio Solution File, Format Version 12.00
# Visual Studio Version 16
VisualStudioVersion = 16.0.30204.135
MinimumVisualStudioVersion = 10.0.40219.1
Project("{8BC9CEB8-8B4A-11D0-8D11-00A0C91BC942}") = "IL2CppDLL", "IL2CppDLL.vcxproj", "{c30ba4d3-3394-4b1e-99f3-0c2f1fc6869b}"
EndProject
Global
	GlobalSection(SolutionConfigurationPlatforms) = preSolution
		Debug|x64 = Debug|x64
		Debug|x86 = Debug|x86
		Release|x64 = Release|x64
		Release|x86 = Release|x86
	EndGlobalSection
	GlobalSection(ProjectConfigurationPlatforms) = postSolution
		{c30ba4d3-3394-4b1e-99f3-0c2f1fc6869b}.Debug|x64.ActiveCfg = Debug|x64
		{c30ba4d3-3394-4b1e-99f3-0c2f1fc6869b}.Debug|x64.Build.0 = Debug|x64
		{c30ba4d3-3394-4b1e-99f3-0c2f1fc6869b}.Debug|x86.ActiveCfg = Debug|Win32
		{c30ba4d3-3394-4b1e-99f3-0c2f1fc6869b}.Debug|x86.Build.0 = Debug|Win32
		{c30ba4d3-3394-4b1e-99f3-0c2f1fc6869b}.Release|x64.ActiveCfg = Release|x64
		{c30ba4d3-3394-4b1e-99f3-0c2f1fc6869b}.Release|x64.Build.0 = Release|x64
		{c30ba4d3-3394-4b1e-99f3-0c2f1fc6869b}.Release|x86.ActiveCfg = Release|Win32
		{c30ba4d3-3394-4b1e-99f3-0c2f1fc6869b}.Release|x86.Build.0 = Release|Win32
	EndGlobalSection
	GlobalSection(SolutionProperties) = preSolution
		HideSolutionNode = FALSE
	EndGlobalSection
	GlobalSection(ExtensibilityGlobals) = postSolution
		SolutionGuid = {41ce5db6-1d9a-4663-8fa7-61abda3556d4}
	EndGlobalSection
EndGlobal